
Microsoft Visual Studio Solution File, Format Version 12.00
# Visual Studio Version 17
VisualStudioVersion = 17.5.002.0
MinimumVisualStudioVersion = 10.0.40219.1
Project("{9A19103F-16F7-4668-BE54-9A1E7A4F7556}") = "weatherapi", "weatherapi.csproj", "{43FB0091-2E41-4FE3-94CB-038AB6FB52F0}"
EndProject
Global
	GlobalSection(SolutionConfigurationPlatforms) = preSolution
		Debug|Any CPU = Debug|Any CPU
		Release|Any CPU = Release|Any CPU
	EndGlobalSection
	GlobalSection(ProjectConfigurationPlatforms) = postSolution
		{43FB0091-2E41-4FE3-94CB-038AB6FB52F0}.Debug|Any CPU.ActiveCfg = Debug|Any CPU
		{43FB0091-2E41-4FE3-94CB-038AB6FB52F0}.Debug|Any CPU.Build.0 = Debug|Any CPU
		{43FB0091-2E41-4FE3-94CB-038AB6FB52F0}.Release|Any CPU.ActiveCfg = Release|Any CPU
		{43FB0091-2E41-4FE3-94CB-038AB6FB52F0}.Release|Any CPU.Build.0 = Release|Any CPU
	EndGlobalSection
	GlobalSection(SolutionProperties) = preSolution
		HideSolutionNode = FALSE
	EndGlobalSection
	GlobalSection(ExtensibilityGlobals) = postSolution
		SolutionGuid = {94980A73-F4AA-48F3-AC5A-FED661A4DF0D}
	EndGlobalSection
EndGlobal
